
Microsoft Visual Studio Solution File, Format Version 12.00
# Visual Studio Version 17
VisualStudioVersion = 17.13.35931.197 d17.13
MinimumVisualStudioVersion = 10.0.40219.1
Project("{FAE04EC0-301F-11D3-BF4B-00C04F79EFBC}") = "WebApplication6", "WebApplication6\WebApplication6.csproj", "{4D0A8A82-84C8-45DA-906B-AD0909A92DA9}"
EndProject
Global
	GlobalSection(SolutionConfigurationPlatforms) = preSolution
		Debug|Any CPU = Debug|Any CPU
		Release|Any CPU = Release|Any CPU
	EndGlobalSection
	GlobalSection(ProjectConfigurationPlatforms) = postSolution
		{4D0A8A82-84C8-45DA-906B-AD0909A92DA9}.Debug|Any CPU.ActiveCfg = Debug|Any CPU
		{4D0A8A82-84C8-45DA-906B-AD0909A92DA9}.Debug|Any CPU.Build.0 = Debug|Any CPU
		{4D0A8A82-84C8-45DA-906B-AD0909A92DA9}.Release|Any CPU.ActiveCfg = Release|Any CPU
		{4D0A8A82-84C8-45DA-906B-AD0909A92DA9}.Release|Any CPU.Build.0 = Release|Any CPU
	EndGlobalSection
	GlobalSection(SolutionProperties) = preSolution
		HideSolutionNode = FALSE
	EndGlobalSection
	GlobalSection(ExtensibilityGlobals) = postSolution
		SolutionGuid = {2F04E6C9-5E88-43E8-8131-CCC9CE8ACD88}
	EndGlobalSection
EndGlobal
